
Microsoft Visual Studio Solution File, Format Version 12.00
# Visual Studio Version 17
VisualStudioVersion = 17.2.32630.192
MinimumVisualStudioVersion = 10.0.40219.1
Project("{FAE04EC0-301F-11D3-BF4B-00C04F79EFBC}") = "SnakeAndLadder", "SnakeAndLadder.csproj", "{DC444DFB-D770-406C-B207-8A45861E42AA}"
EndProject
Global
	GlobalSection(SolutionConfigurationPlatforms) = preSolution
		Debug|Any CPU = Debug|Any CPU
		Release|Any CPU = Release|Any CPU
	EndGlobalSection
	GlobalSection(ProjectConfigurationPlatforms) = postSolution
		{DC444DFB-D770-406C-B207-8A45861E42AA}.Debug|Any CPU.ActiveCfg = Debug|Any CPU
		{DC444DFB-D770-406C-B207-8A45861E42AA}.Debug|Any CPU.Build.0 = Debug|Any CPU
		{DC444DFB-D770-406C-B207-8A45861E42AA}.Release|Any CPU.ActiveCfg = Release|Any CPU
		{DC444DFB-D770-406C-B207-8A45861E42AA}.Release|Any CPU.Build.0 = Release|Any CPU
	EndGlobalSection
	GlobalSection(SolutionProperties) = preSolution
		HideSolutionNode = FALSE
	EndGlobalSection
	GlobalSection(ExtensibilityGlobals) = postSolution
		SolutionGuid = {27DB6759-726D-42FD-8EAB-360C380A0C79}
	EndGlobalSection
EndGlobal
